
Microsoft Visual Studio Solution File, Format Version 12.00
# Visual Studio Version 17
VisualStudioVersion = 17.8.34408.163
MinimumVisualStudioVersion = 10.0.40219.1
Project("{FAE04EC0-301F-11D3-BF4B-00C04F79EFBC}") = "ILA-1305", "ILA-1305.csproj", "{81149399-97E8-45DB-87F0-E5DBDB4C86FA}"
EndProject
Global
	GlobalSection(SolutionConfigurationPlatforms) = preSolution
		Debug|Any CPU = Debug|Any CPU
		Release|Any CPU = Release|Any CPU
	EndGlobalSection
	GlobalSection(ProjectConfigurationPlatforms) = postSolution
		{81149399-97E8-45DB-87F0-E5DBDB4C86FA}.Debug|Any CPU.ActiveCfg = Debug|Any CPU
		{81149399-97E8-45DB-87F0-E5DBDB4C86FA}.Debug|Any CPU.Build.0 = Debug|Any CPU
		{81149399-97E8-45DB-87F0-E5DBDB4C86FA}.Release|Any CPU.ActiveCfg = Release|Any CPU
		{81149399-97E8-45DB-87F0-E5DBDB4C86FA}.Release|Any CPU.Build.0 = Release|Any CPU
	EndGlobalSection
	GlobalSection(SolutionProperties) = preSolution
		HideSolutionNode = FALSE
	EndGlobalSection
	GlobalSection(ExtensibilityGlobals) = postSolution
		SolutionGuid = {0B8F20F3-0163-452F-98BC-9F1E4F1D7A98}
	EndGlobalSection
EndGlobal
